<?xml version="1.0" encoding="utf-8"?>
<Project ToolsVersion="4.0" xmlns="http://schemas.microsoft.com/developer/msbuild/2003">
  <ItemGroup>
    <Filter Include="ソース ファイル">
      <UniqueIdentifier>{4FC737F1-C7A5-4376-A066-2A32D752A2FF}</UniqueIdentifier>
      <Extensions>cpp;c;cc;cxx;def;odl;idl;hpj;bat;asm;asmx</Extensions>
    </Filter>
    <Filter Include="ヘッダー ファイル">
      <UniqueIdentifier>{93995380-89BD-4b04-88EB-625FBE52EBFB}</UniqueIdentifier>
      <Extensions>h;hh;hpp;hxx;hm;inl;inc;ipp;xsd</Extensions>
    </Filter>
    <Filter Include="リソース ファイル">
      <UniqueIdentifier>{67DA6AB6-F800-4c08-8B7A-83BB121AAD01}</UniqueIdentifier>
      <Extensions>rc;ico;cur;bmp;dlg;rc2;rct;bin;rgs;gif;jpg;jpeg;jpe;resx;tiff;tif;png;wav;mfcribbon-ms</Extensions>
    </Filter>
    <Filter Include="ヘッダー ファイル\scene">
      <UniqueIdentifier>{b65de4d3-17c6-42f5-a2bb-645c96585eb2}</UniqueIdentifier>
    </Filter>
    <Filter Include="ヘッダー ファイル\game_object">
      <UniqueIdentifier>{80612cd7-ea99-4931-a74f-61b28dc6f0e3}</UniqueIdentifier>
    </Filter>
    <Filter Include="ヘッダー ファイル\resource">
      <UniqueIdentifier>{b20f0980-dcb2-479a-9235-840f5e2deb2a}</UniqueIdentifier>
    </Filter>
    <Filter Include="ヘッダー ファイル\behavior">
      <UniqueIdentifier>{eebd1630-9eb7-44a8-8a08-549dd0a8076d}</UniqueIdentifier>
    </Filter>
    <Filter Include="ヘッダー ファイル\util">
      <UniqueIdentifier>{9e5ab1c1-0491-4f00-a34b-2b6811dff49c}</UniqueIdentifier>
    </Filter>
    <Filter Include="ヘッダー ファイル\material">
      <UniqueIdentifier>{96aeb8d1-5314-42d6-992a-11882e2cf505}</UniqueIdentifier>
    </Filter>
  </ItemGroup>
  <ItemGroup>
    <ClInclude Include="alnyr.hpp">
      <Filter>ヘッダー ファイル</Filter>
    </ClInclude>
    <ClInclude Include="alnyr_src\alnyr_engine.h">
      <Filter>ヘッダー ファイル</Filter>
    </ClInclude>
    <ClInclude Include="alnyr_src\alnyr_game_object.h">
      <Filter>ヘッダー ファイル\game_object</Filter>
    </ClInclude>
    <ClInclude Include="alnyr_src\alnyr_object_behavior.h">
      <Filter>ヘッダー ファイル\game_object</Filter>
    </ClInclude>
    <ClInclude Include="alnyr_src\alnyr_resource_group.h">
      <Filter>ヘッダー ファイル\resource</Filter>
    </ClInclude>
    <ClInclude Include="alnyr_src\alnyr_scene.h">
      <Filter>ヘッダー ファイル\scene</Filter>
    </ClInclude>
    <ClInclude Include="alnyr_src\alnyr_scene_manager.h">
      <Filter>ヘッダー ファイル\scene</Filter>
    </ClInclude>
    <ClInclude Include="alnyr_src\alnyr_window.h">
      <Filter>ヘッダー ファイル</Filter>
    </ClInclude>
    <ClInclude Include="alnyr_src\alnyr_static_mesh.h">
      <Filter>ヘッダー ファイル\resource</Filter>
    </ClInclude>
    <ClInclude Include="alnyr_src\alnyr_dynamic_mesh.h">
      <Filter>ヘッダー ファイル\resource</Filter>
    </ClInclude>
    <ClInclude Include="alnyr_src\alnyr_util.h">
      <Filter>ヘッダー ファイル\util</Filter>
    </ClInclude>
    <ClInclude Include="alnyr_src\alnyr_material.h">
      <Filter>ヘッダー ファイル\material</Filter>
    </ClInclude>
    <ClInclude Include="alnyr_src\alnyr_property.h">
      <Filter>ヘッダー ファイル\util</Filter>
    </ClInclude>
    <ClInclude Include="alnyr_src\alnyr_texture.h">
      <Filter>ヘッダー ファイル\material</Filter>
    </ClInclude>
    <ClInclude Include="alnyr_src\alnyr_transform.h">
      <Filter>ヘッダー ファイル\behavior</Filter>
    </ClInclude>
    <ClInclude Include="alnyr_src\alnyr_renderable_game_object.h">
      <Filter>ヘッダー ファイル\game_object</Filter>
    </ClInclude>
    <ClInclude Include="alnyr_src\alnyr_camera.h">
      <Filter>ヘッダー ファイル\game_object</Filter>
    </ClInclude>
    <ClInclude Include="alnyr_src\alnyr_math.h">
      <Filter>ヘッダー ファイル</Filter>
    </ClInclude>
  </ItemGroup>
  <ItemGroup>
    <ClCompile Include="alnyr_src\alnyr.cpp">
      <Filter>ソース ファイル</Filter>
    </ClCompile>
    <ClCompile Include="alnyr_src\alnyr_engine.cpp">
      <Filter>ソース ファイル</Filter>
    </ClCompile>
    <ClCompile Include="alnyr_src\alnyr_scene_manager.cpp">
      <Filter>ソース ファイル</Filter>
    </ClCompile>
    <ClCompile Include="alnyr_src\alnyr_window.cpp">
      <Filter>ソース ファイル</Filter>
    </ClCompile>
    <ClCompile Include="alnyr_src\alnyr_game_object.cpp">
      <Filter>ソース ファイル</Filter>
    </ClCompile>
    <ClCompile Include="alnyr_src\alnyr_scene.cpp">
      <Filter>ソース ファイル</Filter>
    </ClCompile>
  </ItemGroup>
  <ItemGroup>
    <None Include="packages.config" />
  </ItemGroup>
</Project>